
Microsoft Visual Studio Solution File, Format Version 12.00
# Visual Studio Version 17
VisualStudioVersion = 17.4.33213.308
MinimumVisualStudioVersion = 10.0.40219.1
Project("{FAE04EC0-301F-11D3-BF4B-00C04F79EFBC}") = "Week2", "Week2\Week2.csproj", "{077D16FE-F497-43CE-AF3A-2C93B2A04ABC}"
EndProject
Project("{FAE04EC0-301F-11D3-BF4B-00C04F79EFBC}") = "UserGenderValidation", "UserGenderValidation\UserGenderValidation.csproj", "{D92D2610-ACF4-40A3-81E7-970FFA88FA3D}"
EndProject
Project("{FAE04EC0-301F-11D3-BF4B-00C04F79EFBC}") = "UserAgeValidation", "UserAgeValidation\UserAgeValidation.csproj", "{503A687B-1183-4C9C-9D3B-4691A6DCE36A}"
EndProject
Global
	GlobalSection(SolutionConfigurationPlatforms) = preSolution
		Debug|Any CPU = Debug|Any CPU
		Release|Any CPU = Release|Any CPU
	EndGlobalSection
	GlobalSection(ProjectConfigurationPlatforms) = postSolution
		{077D16FE-F497-43CE-AF3A-2C93B2A04ABC}.Debug|Any CPU.ActiveCfg = Debug|Any CPU
		{077D16FE-F497-43CE-AF3A-2C93B2A04ABC}.Debug|Any CPU.Build.0 = Debug|Any CPU
		{077D16FE-F497-43CE-AF3A-2C93B2A04ABC}.Release|Any CPU.ActiveCfg = Release|Any CPU
		{077D16FE-F497-43CE-AF3A-2C93B2A04ABC}.Release|Any CPU.Build.0 = Release|Any CPU
		{D92D2610-ACF4-40A3-81E7-970FFA88FA3D}.Debug|Any CPU.ActiveCfg = Debug|Any CPU
		{D92D2610-ACF4-40A3-81E7-970FFA88FA3D}.Debug|Any CPU.Build.0 = Debug|Any CPU
		{D92D2610-ACF4-40A3-81E7-970FFA88FA3D}.Release|Any CPU.ActiveCfg = Release|Any CPU
		{D92D2610-ACF4-40A3-81E7-970FFA88FA3D}.Release|Any CPU.Build.0 = Release|Any CPU
		{503A687B-1183-4C9C-9D3B-4691A6DCE36A}.Debug|Any CPU.ActiveCfg = Debug|Any CPU
		{503A687B-1183-4C9C-9D3B-4691A6DCE36A}.Debug|Any CPU.Build.0 = Debug|Any CPU
		{503A687B-1183-4C9C-9D3B-4691A6DCE36A}.Release|Any CPU.ActiveCfg = Release|Any CPU
		{503A687B-1183-4C9C-9D3B-4691A6DCE36A}.Release|Any CPU.Build.0 = Release|Any CPU
	EndGlobalSection
	GlobalSection(SolutionProperties) = preSolution
		HideSolutionNode = FALSE
	EndGlobalSection
	GlobalSection(ExtensibilityGlobals) = postSolution
		SolutionGuid = {A9F2EF03-3EBD-4698-AF29-379A0A133551}
	EndGlobalSection
EndGlobal
